// !$*UTF8*$!
{
	archiveVersion = 1;
	classes = {
	};
	objectVersion = 55;
	objects = {

/* Begin PBXBuildFile section */
		073472487FAE957C71FFC302 /* FeatureOnboarding.framework in Embed Frameworks */ = {isa = PBXBuildFile; fileRef = 1013DC473CF628F07352DE25 /* FeatureOnboarding.framework */; settings = {ATTRIBUTES = (CodeSignOnCopy, RemoveHeadersOnCopy, ); }; };
		09044A64E98B73CAC9FFCF3F /* Pretendard-Bold.otf in Resources */ = {isa = PBXBuildFile; fileRef = 5BE5360C56A762B75FC9A703 /* Pretendard-Bold.otf */; };
		091FAE6B053FDA47A4CBDF16 /* Dependencies.framework in Embed Frameworks */ = {isa = PBXBuildFile; fileRef = 2E2F2FE29D21CC267EB8B2BC /* Dependencies.framework */; settings = {ATTRIBUTES = (CodeSignOnCopy, RemoveHeadersOnCopy, ); }; };
		16C9C4CCE23616599662024D /* SwiftUINavigation.framework in Embed Frameworks */ = {isa = PBXBuildFile; fileRef = 47A43EE44C9BF119704B5B7B /* SwiftUINavigation.framework */; settings = {ATTRIBUTES = (CodeSignOnCopy, RemoveHeadersOnCopy, ); }; };
		1CB6D1B88A374A6A5FDF74CF /* Assets.xcassets in Resources */ = {isa = PBXBuildFile; fileRef = BC8AC0CB4D9D529DE4E23616 /* Assets.xcassets */; };
		1D6680127E4F86A1ED3FE931 /* Clocks.framework in Embed Frameworks */ = {isa = PBXBuildFile; fileRef = 90E4EB48814F1E2F0C0352A5 /* Clocks.framework */; settings = {ATTRIBUTES = (CodeSignOnCopy, RemoveHeadersOnCopy, ); }; };
		256F511FBE5DCD32C697C98A /* SignUpFeature.swift in Sources */ = {isa = PBXBuildFile; fileRef = 9CA485CB34EC37B60B9E9B4D /* SignUpFeature.swift */; };
		2B5D1135B9FEBDA72D4D1A52 /* XCTestDynamicOverlay.framework in Embed Frameworks */ = {isa = PBXBuildFile; fileRef = 9B5A42BBB2D82410D8E2A04D /* XCTestDynamicOverlay.framework */; settings = {ATTRIBUTES = (CodeSignOnCopy, RemoveHeadersOnCopy, ); }; };
		33D4E123E26A7A97E2678F04 /* Sharing1.framework in Embed Frameworks */ = {isa = PBXBuildFile; fileRef = 5FAB5D267C2B7300D79041A7 /* Sharing1.framework */; settings = {ATTRIBUTES = (CodeSignOnCopy, RemoveHeadersOnCopy, ); }; };
		4855CC9A7023406A216DAFBD /* TuistFonts+FeatureOnboardingDemo.swift in Sources */ = {isa = PBXBuildFile; fileRef = 16903EE5399C2915DC3B55D0 /* TuistFonts+FeatureOnboardingDemo.swift */; };
		4B28A51DE602DFF3A92A6C49 /* Assets.xcassets in Resources */ = {isa = PBXBuildFile; fileRef = 0B6AFDA42E52C01E050A491B /* Assets.xcassets */; };
		4E7B02D203E3954DC841D3B5 /* Pretendard-Thin.otf in Resources */ = {isa = PBXBuildFile; fileRef = B528BC0B6280DF3B0048CD77 /* Pretendard-Thin.otf */; };
		5131977A8C03F23868323118 /* Pretendard-Black.otf in Resources */ = {isa = PBXBuildFile; fileRef = 481157FB7EE399E23DC33B09 /* Pretendard-Black.otf */; };
		5644BC03E76B3B9CE26F5CA0 /* CombineSchedulers.framework in Embed Frameworks */ = {isa = PBXBuildFile; fileRef = FA14FEB7699E78F145571D46 /* CombineSchedulers.framework */; settings = {ATTRIBUTES = (CodeSignOnCopy, RemoveHeadersOnCopy, ); }; };
		576DA49778B9A38A4D1AA8EB /* DataLayer.framework in Frameworks */ = {isa = PBXBuildFile; fileRef = 62D380322FE475299FE006EA /* DataLayer.framework */; };
		595194FA477A1B4BD48AD01B /* SignUpView.swift in Sources */ = {isa = PBXBuildFile; fileRef = 65E74509F957F195C653470C /* SignUpView.swift */; };
		5FB91D59CD8F58F64426E5B4 /* SplashView.swift in Sources */ = {isa = PBXBuildFile; fileRef = 1FBED3A28B5A97F11E092171 /* SplashView.swift */; };
		6CCCC3AA9861D583741CCA71 /* LoginFeature.swift in Sources */ = {isa = PBXBuildFile; fileRef = 2DDF657F9630EDC81A4BD375 /* LoginFeature.swift */; };
		7090003ACEAB4CC28C34277B /* Pretendard-ExtraLight.otf in Resources */ = {isa = PBXBuildFile; fileRef = D16D9952C1B9DA6F4156CAA8 /* Pretendard-ExtraLight.otf */; };
		70C74B840AB6C2AAA32BBB1E /* ConcurrencyExtras.framework in Embed Frameworks */ = {isa = PBXBuildFile; fileRef = B6CD1AD739E42B5A894D6146 /* ConcurrencyExtras.framework */; settings = {ATTRIBUTES = (CodeSignOnCopy, RemoveHeadersOnCopy, ); }; };
		70DCC2FEE85C52FBDB9B9B34 /* IssueReportingPackageSupport.framework in Embed Frameworks */ = {isa = PBXBuildFile; fileRef = 7FE2C0CC00F32C5CDF57D926 /* IssueReportingPackageSupport.framework */; settings = {ATTRIBUTES = (CodeSignOnCopy, RemoveHeadersOnCopy, ); }; };
		7196388EF92CD91EE242E8A4 /* PretendardVariable.ttf in Resources */ = {isa = PBXBuildFile; fileRef = 2B7DBD69C97CA8607A7AEBE3 /* PretendardVariable.ttf */; };
		765B7A2F289F0EDFAD7BFF9E /* SwiftNavigation.framework in Embed Frameworks */ = {isa = PBXBuildFile; fileRef = DC04D7066413383327C5F857 /* SwiftNavigation.framework */; settings = {ATTRIBUTES = (CodeSignOnCopy, RemoveHeadersOnCopy, ); }; };
		76F4A8C45B6A0B48A4F34E30 /* Perception.framework in Embed Frameworks */ = {isa = PBXBuildFile; fileRef = 670C3CAC2A53A72398EDD026 /* Perception.framework */; settings = {ATTRIBUTES = (CodeSignOnCopy, RemoveHeadersOnCopy, ); }; };
		7CCE3196971F5C2383D573BF /* LoginView.swift in Sources */ = {isa = PBXBuildFile; fileRef = 1B8667FEAB2BF815BFB40443 /* LoginView.swift */; };
		8025C648D1D05434B5021C11 /* CoreModels.framework in Embed Frameworks */ = {isa = PBXBuildFile; fileRef = 27E76715FAE0AC544F16DC7F /* CoreModels.framework */; settings = {ATTRIBUTES = (CodeSignOnCopy, RemoveHeadersOnCopy, ); }; };
		808EFE0A6E5F006445A7364E /* Pretendard-Light.otf in Resources */ = {isa = PBXBuildFile; fileRef = 0AE8E3A77C3027563579CE2B /* Pretendard-Light.otf */; };
		829EDD4A59F0D2DEE94BEAD3 /* Pretendard-Regular.otf in Resources */ = {isa = PBXBuildFile; fileRef = 49BB078AE12A2B62AF9D55F6 /* Pretendard-Regular.otf */; };
		978F154ACA95DBD6F73B4B62 /* UIKitNavigationShim.framework in Embed Frameworks */ = {isa = PBXBuildFile; fileRef = 87B8E92999972BF1B2C5811C /* UIKitNavigationShim.framework */; settings = {ATTRIBUTES = (CodeSignOnCopy, RemoveHeadersOnCopy, ); }; };
		9925B8F794DC08D933AB1E99 /* DesignSystem.framework in Embed Frameworks */ = {isa = PBXBuildFile; fileRef = 64B548E77C0A93630C7A167D /* DesignSystem.framework */; settings = {ATTRIBUTES = (CodeSignOnCopy, RemoveHeadersOnCopy, ); }; };
		9A780CCC1642C6EFE4B441E1 /* OnboardingView.swift in Sources */ = {isa = PBXBuildFile; fileRef = 835EFDE17E0FA61EA96AB2E9 /* OnboardingView.swift */; };
		A741E44CB36CD2ED7AD67DDF /* ComposableArchitecture.framework in Frameworks */ = {isa = PBXBuildFile; fileRef = 721C8B622704A9EA791CE39F /* ComposableArchitecture.framework */; };
		AD5EEF26045E5876E942EF5C /* FeatureOnboardingDemoApp.swift in Sources */ = {isa = PBXBuildFile; fileRef = 738EE2F53B8BA2C1C750E747 /* FeatureOnboardingDemoApp.swift */; };
		ADD72BCF7DA23C278DE48742 /* OnboardingFeature.swift in Sources */ = {isa = PBXBuildFile; fileRef = EAB9B6D15863C55BDED73130 /* OnboardingFeature.swift */; };
		B18BB8A7E3ADF5170321A68D /* ComposableArchitecture.framework in Frameworks */ = {isa = PBXBuildFile; fileRef = 721C8B622704A9EA791CE39F /* ComposableArchitecture.framework */; };
		B2EBB00CA74093227012E90B /* IdentifiedCollections.framework in Embed Frameworks */ = {isa = PBXBuildFile; fileRef = 188DE56B1806FAAB0FC5FFA8 /* IdentifiedCollections.framework */; settings = {ATTRIBUTES = (CodeSignOnCopy, RemoveHeadersOnCopy, ); }; };
		B7D8342F4794FDA655AAE7D7 /* Sharing2.framework in Embed Frameworks */ = {isa = PBXBuildFile; fileRef = DBC5804B7F4B8504DFF70CAB /* Sharing2.framework */; settings = {ATTRIBUTES = (CodeSignOnCopy, RemoveHeadersOnCopy, ); }; };
		B97E5C19833FA445C60EC76C /* Pretendard-ExtraBold.otf in Resources */ = {isa = PBXBuildFile; fileRef = B04D7BCFACE1923C8B2CC817 /* Pretendard-ExtraBold.otf */; };
		BFE634C0F56BACBE5931BE97 /* TuistBundle+FeatureOnboardingDemo.swift in Sources */ = {isa = PBXBuildFile; fileRef = 76DAE086A7FABAC663D9EE1B /* TuistBundle+FeatureOnboardingDemo.swift */; };
		C022BE4CE697D6C2611891EB /* CasePathsCore.framework in Embed Frameworks */ = {isa = PBXBuildFile; fileRef = 0CAE53D4E9FB29798508414A /* CasePathsCore.framework */; settings = {ATTRIBUTES = (CodeSignOnCopy, RemoveHeadersOnCopy, ); }; };
		C33E7F39104112A0A4789902 /* OrderedCollections.framework in Embed Frameworks */ = {isa = PBXBuildFile; fileRef = 0B6203131359B85F6B93A323 /* OrderedCollections.framework */; settings = {ATTRIBUTES = (CodeSignOnCopy, RemoveHeadersOnCopy, ); }; };
		C4FFDD69178F5C506DB6533F /* OnboardingIcons.swift in Sources */ = {isa = PBXBuildFile; fileRef = 0BAD947523A8D8BD2107739A /* OnboardingIcons.swift */; };
		C81B12534DF2F6A99D75C687 /* CasePaths.framework in Embed Frameworks */ = {isa = PBXBuildFile; fileRef = 07A99ED5F16D11464B0D665A /* CasePaths.framework */; settings = {ATTRIBUTES = (CodeSignOnCopy, RemoveHeadersOnCopy, ); }; };
		C833DD0936F29FCDE3D00BD0 /* Pretendard-SemiBold.otf in Resources */ = {isa = PBXBuildFile; fileRef = AFB13EEC5B797A2755927178 /* Pretendard-SemiBold.otf */; };
		CBF9693F68376BBBF1FA9371 /* ComposableArchitecture.framework in Embed Frameworks */ = {isa = PBXBuildFile; fileRef = 721C8B622704A9EA791CE39F /* ComposableArchitecture.framework */; settings = {ATTRIBUTES = (CodeSignOnCopy, RemoveHeadersOnCopy, ); }; };
		CC793E68144C6ACD29AB0A7F /* UIKitNavigation.framework in Embed Frameworks */ = {isa = PBXBuildFile; fileRef = CFF7332B39630A14637D2210 /* UIKitNavigation.framework */; settings = {ATTRIBUTES = (CodeSignOnCopy, RemoveHeadersOnCopy, ); }; };
		CF37E3AF31512112875E6E6C /* Pretendard-Medium.otf in Resources */ = {isa = PBXBuildFile; fileRef = C44504556380C8555CB0D9E1 /* Pretendard-Medium.otf */; };
		D1478B2899E1B26984778972 /* DataLayer.framework in Embed Frameworks */ = {isa = PBXBuildFile; fileRef = 62D380322FE475299FE006EA /* DataLayer.framework */; settings = {ATTRIBUTES = (CodeSignOnCopy, RemoveHeadersOnCopy, ); }; };
		D4837751EA779807C1A617F1 /* PerceptionCore.framework in Embed Frameworks */ = {isa = PBXBuildFile; fileRef = 430E522D1C36E5BE398AA935 /* PerceptionCore.framework */; settings = {ATTRIBUTES = (CodeSignOnCopy, RemoveHeadersOnCopy, ); }; };
		D880DBEEED901E91D23ED30D /* CustomDump.framework in Embed Frameworks */ = {isa = PBXBuildFile; fileRef = C9A9AD8ED950AA3E1043A750 /* CustomDump.framework */; settings = {ATTRIBUTES = (CodeSignOnCopy, RemoveHeadersOnCopy, ); }; };
		E05F2DEA9D546B59F763FDF1 /* Sharing.framework in Embed Frameworks */ = {isa = PBXBuildFile; fileRef = E40189ED1978391F7EA193EE /* Sharing.framework */; settings = {ATTRIBUTES = (CodeSignOnCopy, RemoveHeadersOnCopy, ); }; };
		E07823C1E5251551492063F5 /* FeatureOnboarding.framework in Frameworks */ = {isa = PBXBuildFile; fileRef = 1013DC473CF628F07352DE25 /* FeatureOnboarding.framework */; };
		E6157DBD4757E7A43378DA43 /* IssueReporting.framework in Embed Frameworks */ = {isa = PBXBuildFile; fileRef = 7A2DFB525AB8CB19BD8EE15C /* IssueReporting.framework */; settings = {ATTRIBUTES = (CodeSignOnCopy, RemoveHeadersOnCopy, ); }; };
		E95A24BD19514322DA2A27EC /* DesignSystem.framework in Frameworks */ = {isa = PBXBuildFile; fileRef = 64B548E77C0A93630C7A167D /* DesignSystem.framework */; };
		EE10549B08994BBE2C7A2840 /* TuistAssets+FeatureOnboardingDemo.swift in Sources */ = {isa = PBXBuildFile; fileRef = 0A7557EFC1AECE8FEF7CFD6B /* TuistAssets+FeatureOnboardingDemo.swift */; };
		F6C8D3F0450611CA17BD0635 /* InternalCollectionsUtilities.framework in Embed Frameworks */ = {isa = PBXBuildFile; fileRef = A657A69EA9E69D26760B02DF /* InternalCollectionsUtilities.framework */; settings = {ATTRIBUTES = (CodeSignOnCopy, RemoveHeadersOnCopy, ); }; };
/* End PBXBuildFile section */

/* Begin PBXContainerItemProxy section */
		1A93E170A1D0B56DA685729F /* PBXContainerItemProxy */ = {
			isa = PBXContainerItemProxy;
			containerPortal = 2488693AFBDD6A406F135B64 /* Project object */;
			proxyType = 1;
			remoteGlobalIDString = E71536A40C188E0A24098C5C;
			remoteInfo = FeatureOnboarding;
		};
/* End PBXContainerItemProxy section */

/* Begin PBXCopyFilesBuildPhase section */
		282D2D880430F3E11A7E0080 /* Embed Frameworks */ = {
			isa = PBXCopyFilesBuildPhase;
			buildActionMask = 2147483647;
			dstPath = "";
			dstSubfolderSpec = 10;
			files = (
				C81B12534DF2F6A99D75C687 /* CasePaths.framework in Embed Frameworks */,
				C022BE4CE697D6C2611891EB /* CasePathsCore.framework in Embed Frameworks */,
				1D6680127E4F86A1ED3FE931 /* Clocks.framework in Embed Frameworks */,
				5644BC03E76B3B9CE26F5CA0 /* CombineSchedulers.framework in Embed Frameworks */,
				CBF9693F68376BBBF1FA9371 /* ComposableArchitecture.framework in Embed Frameworks */,
				70C74B840AB6C2AAA32BBB1E /* ConcurrencyExtras.framework in Embed Frameworks */,
				8025C648D1D05434B5021C11 /* CoreModels.framework in Embed Frameworks */,
				D880DBEEED901E91D23ED30D /* CustomDump.framework in Embed Frameworks */,
				D1478B2899E1B26984778972 /* DataLayer.framework in Embed Frameworks */,
				091FAE6B053FDA47A4CBDF16 /* Dependencies.framework in Embed Frameworks */,
				9925B8F794DC08D933AB1E99 /* DesignSystem.framework in Embed Frameworks */,
				073472487FAE957C71FFC302 /* FeatureOnboarding.framework in Embed Frameworks */,
				B2EBB00CA74093227012E90B /* IdentifiedCollections.framework in Embed Frameworks */,
				F6C8D3F0450611CA17BD0635 /* InternalCollectionsUtilities.framework in Embed Frameworks */,
				E6157DBD4757E7A43378DA43 /* IssueReporting.framework in Embed Frameworks */,
				70DCC2FEE85C52FBDB9B9B34 /* IssueReportingPackageSupport.framework in Embed Frameworks */,
				C33E7F39104112A0A4789902 /* OrderedCollections.framework in Embed Frameworks */,
				76F4A8C45B6A0B48A4F34E30 /* Perception.framework in Embed Frameworks */,
				D4837751EA779807C1A617F1 /* PerceptionCore.framework in Embed Frameworks */,
				E05F2DEA9D546B59F763FDF1 /* Sharing.framework in Embed Frameworks */,
				33D4E123E26A7A97E2678F04 /* Sharing1.framework in Embed Frameworks */,
				B7D8342F4794FDA655AAE7D7 /* Sharing2.framework in Embed Frameworks */,
				765B7A2F289F0EDFAD7BFF9E /* SwiftNavigation.framework in Embed Frameworks */,
				16C9C4CCE23616599662024D /* SwiftUINavigation.framework in Embed Frameworks */,
				CC793E68144C6ACD29AB0A7F /* UIKitNavigation.framework in Embed Frameworks */,
				978F154ACA95DBD6F73B4B62 /* UIKitNavigationShim.framework in Embed Frameworks */,
				2B5D1135B9FEBDA72D4D1A52 /* XCTestDynamicOverlay.framework in Embed Frameworks */,
			);
			name = "Embed Frameworks";
			runOnlyForDeploymentPostprocessing = 0;
		};
		3A26F65A6CA2809B4FF4C6FC /* Embed Frameworks */ = {
			isa = PBXCopyFilesBuildPhase;
			buildActionMask = 2147483647;
			dstPath = "";
			dstSubfolderSpec = 10;
			files = (
			);
			name = "Embed Frameworks";
			runOnlyForDeploymentPostprocessing = 0;
		};
/* End PBXCopyFilesBuildPhase section */

/* Begin PBXFileReference section */
		07A99ED5F16D11464B0D665A /* CasePaths.framework */ = {isa = PBXFileReference; explicitFileType = wrapper.framework; includeInIndex = 0; path = CasePaths.framework; sourceTree = BUILT_PRODUCTS_DIR; };
		0A7557EFC1AECE8FEF7CFD6B /* TuistAssets+FeatureOnboardingDemo.swift */ = {isa = PBXFileReference; lastKnownFileType = sourcecode.swift; path = "TuistAssets+FeatureOnboardingDemo.swift"; sourceTree = "<group>"; };
		0AE8E3A77C3027563579CE2B /* Pretendard-Light.otf */ = {isa = PBXFileReference; lastKnownFileType = file; path = "Pretendard-Light.otf"; sourceTree = "<group>"; };
		0B6203131359B85F6B93A323 /* OrderedCollections.framework */ = {isa = PBXFileReference; explicitFileType = wrapper.framework; includeInIndex = 0; path = OrderedCollections.framework; sourceTree = BUILT_PRODUCTS_DIR; };
		0B6AFDA42E52C01E050A491B /* Assets.xcassets */ = {isa = PBXFileReference; lastKnownFileType = folder.assetcatalog; path = Assets.xcassets; sourceTree = "<group>"; };
		0BAD947523A8D8BD2107739A /* OnboardingIcons.swift */ = {isa = PBXFileReference; lastKnownFileType = sourcecode.swift; path = OnboardingIcons.swift; sourceTree = "<group>"; };
		0CAE53D4E9FB29798508414A /* CasePathsCore.framework */ = {isa = PBXFileReference; explicitFileType = wrapper.framework; includeInIndex = 0; path = CasePathsCore.framework; sourceTree = BUILT_PRODUCTS_DIR; };
		1013DC473CF628F07352DE25 /* FeatureOnboarding.framework */ = {isa = PBXFileReference; explicitFileType = wrapper.framework; includeInIndex = 0; path = FeatureOnboarding.framework; sourceTree = BUILT_PRODUCTS_DIR; };
		16903EE5399C2915DC3B55D0 /* TuistFonts+FeatureOnboardingDemo.swift */ = {isa = PBXFileReference; lastKnownFileType = sourcecode.swift; path = "TuistFonts+FeatureOnboardingDemo.swift"; sourceTree = "<group>"; };
		188DE56B1806FAAB0FC5FFA8 /* IdentifiedCollections.framework */ = {isa = PBXFileReference; explicitFileType = wrapper.framework; includeInIndex = 0; path = IdentifiedCollections.framework; sourceTree = BUILT_PRODUCTS_DIR; };
		1B8667FEAB2BF815BFB40443 /* LoginView.swift */ = {isa = PBXFileReference; lastKnownFileType = sourcecode.swift; path = LoginView.swift; sourceTree = "<group>"; };
		1FBED3A28B5A97F11E092171 /* SplashView.swift */ = {isa = PBXFileReference; lastKnownFileType = sourcecode.swift; path = SplashView.swift; sourceTree = "<group>"; };
		27E76715FAE0AC544F16DC7F /* CoreModels.framework */ = {isa = PBXFileReference; explicitFileType = wrapper.framework; includeInIndex = 0; path = CoreModels.framework; sourceTree = BUILT_PRODUCTS_DIR; };
		2853E05A6790C29DAFA207AB /* FeatureOnboardingDemo-Info.plist */ = {isa = PBXFileReference; lastKnownFileType = text.plist; path = "FeatureOnboardingDemo-Info.plist"; sourceTree = "<group>"; };
		2B7DBD69C97CA8607A7AEBE3 /* PretendardVariable.ttf */ = {isa = PBXFileReference; lastKnownFileType = file; path = PretendardVariable.ttf; sourceTree = "<group>"; };
		2DDF657F9630EDC81A4BD375 /* LoginFeature.swift */ = {isa = PBXFileReference; lastKnownFileType = sourcecode.swift; path = LoginFeature.swift; sourceTree = "<group>"; };
		2E2F2FE29D21CC267EB8B2BC /* Dependencies.framework */ = {isa = PBXFileReference; explicitFileType = wrapper.framework; includeInIndex = 0; path = Dependencies.framework; sourceTree = BUILT_PRODUCTS_DIR; };
		430E522D1C36E5BE398AA935 /* PerceptionCore.framework */ = {isa = PBXFileReference; explicitFileType = wrapper.framework; includeInIndex = 0; path = PerceptionCore.framework; sourceTree = BUILT_PRODUCTS_DIR; };
		47A43EE44C9BF119704B5B7B /* SwiftUINavigation.framework */ = {isa = PBXFileReference; explicitFileType = wrapper.framework; includeInIndex = 0; path = SwiftUINavigation.framework; sourceTree = BUILT_PRODUCTS_DIR; };
		481157FB7EE399E23DC33B09 /* Pretendard-Black.otf */ = {isa = PBXFileReference; lastKnownFileType = file; path = "Pretendard-Black.otf"; sourceTree = "<group>"; };
		49BB078AE12A2B62AF9D55F6 /* Pretendard-Regular.otf */ = {isa = PBXFileReference; lastKnownFileType = file; path = "Pretendard-Regular.otf"; sourceTree = "<group>"; };
		5BE5360C56A762B75FC9A703 /* Pretendard-Bold.otf */ = {isa = PBXFileReference; lastKnownFileType = file; path = "Pretendard-Bold.otf"; sourceTree = "<group>"; };
		5FAB5D267C2B7300D79041A7 /* Sharing1.framework */ = {isa = PBXFileReference; explicitFileType = wrapper.framework; includeInIndex = 0; path = Sharing1.framework; sourceTree = BUILT_PRODUCTS_DIR; };
		62D380322FE475299FE006EA /* DataLayer.framework */ = {isa = PBXFileReference; explicitFileType = wrapper.framework; includeInIndex = 0; path = DataLayer.framework; sourceTree = BUILT_PRODUCTS_DIR; };
		64B548E77C0A93630C7A167D /* DesignSystem.framework */ = {isa = PBXFileReference; explicitFileType = wrapper.framework; includeInIndex = 0; path = DesignSystem.framework; sourceTree = BUILT_PRODUCTS_DIR; };
		65E74509F957F195C653470C /* SignUpView.swift */ = {isa = PBXFileReference; lastKnownFileType = sourcecode.swift; path = SignUpView.swift; sourceTree = "<group>"; };
		670C3CAC2A53A72398EDD026 /* Perception.framework */ = {isa = PBXFileReference; explicitFileType = wrapper.framework; includeInIndex = 0; path = Perception.framework; sourceTree = BUILT_PRODUCTS_DIR; };
		721C8B622704A9EA791CE39F /* ComposableArchitecture.framework */ = {isa = PBXFileReference; explicitFileType = wrapper.framework; includeInIndex = 0; path = ComposableArchitecture.framework; sourceTree = BUILT_PRODUCTS_DIR; };
		738EE2F53B8BA2C1C750E747 /* FeatureOnboardingDemoApp.swift */ = {isa = PBXFileReference; lastKnownFileType = sourcecode.swift; path = FeatureOnboardingDemoApp.swift; sourceTree = "<group>"; };
		76DAE086A7FABAC663D9EE1B /* TuistBundle+FeatureOnboardingDemo.swift */ = {isa = PBXFileReference; lastKnownFileType = sourcecode.swift; path = "TuistBundle+FeatureOnboardingDemo.swift"; sourceTree = "<group>"; };
		7A2DFB525AB8CB19BD8EE15C /* IssueReporting.framework */ = {isa = PBXFileReference; explicitFileType = wrapper.framework; includeInIndex = 0; path = IssueReporting.framework; sourceTree = BUILT_PRODUCTS_DIR; };
		7FE2C0CC00F32C5CDF57D926 /* IssueReportingPackageSupport.framework */ = {isa = PBXFileReference; explicitFileType = wrapper.framework; includeInIndex = 0; path = IssueReportingPackageSupport.framework; sourceTree = BUILT_PRODUCTS_DIR; };
		835EFDE17E0FA61EA96AB2E9 /* OnboardingView.swift */ = {isa = PBXFileReference; lastKnownFileType = sourcecode.swift; path = OnboardingView.swift; sourceTree = "<group>"; };
		87B8E92999972BF1B2C5811C /* UIKitNavigationShim.framework */ = {isa = PBXFileReference; explicitFileType = wrapper.framework; includeInIndex = 0; path = UIKitNavigationShim.framework; sourceTree = BUILT_PRODUCTS_DIR; };
		90E4EB48814F1E2F0C0352A5 /* Clocks.framework */ = {isa = PBXFileReference; explicitFileType = wrapper.framework; includeInIndex = 0; path = Clocks.framework; sourceTree = BUILT_PRODUCTS_DIR; };
		9B5A42BBB2D82410D8E2A04D /* XCTestDynamicOverlay.framework */ = {isa = PBXFileReference; explicitFileType = wrapper.framework; includeInIndex = 0; path = XCTestDynamicOverlay.framework; sourceTree = BUILT_PRODUCTS_DIR; };
		9CA485CB34EC37B60B9E9B4D /* SignUpFeature.swift */ = {isa = PBXFileReference; lastKnownFileType = sourcecode.swift; path = SignUpFeature.swift; sourceTree = "<group>"; };
		A18DC03112ED7EABD5271FC0 /* FeatureOnboarding-Info.plist */ = {isa = PBXFileReference; lastKnownFileType = text.plist; path = "FeatureOnboarding-Info.plist"; sourceTree = "<group>"; };
		A657A69EA9E69D26760B02DF /* InternalCollectionsUtilities.framework */ = {isa = PBXFileReference; explicitFileType = wrapper.framework; includeInIndex = 0; path = InternalCollectionsUtilities.framework; sourceTree = BUILT_PRODUCTS_DIR; };
		AFB13EEC5B797A2755927178 /* Pretendard-SemiBold.otf */ = {isa = PBXFileReference; lastKnownFileType = file; path = "Pretendard-SemiBold.otf"; sourceTree = "<group>"; };
		B04D7BCFACE1923C8B2CC817 /* Pretendard-ExtraBold.otf */ = {isa = PBXFileReference; lastKnownFileType = file; path = "Pretendard-ExtraBold.otf"; sourceTree = "<group>"; };
		B528BC0B6280DF3B0048CD77 /* Pretendard-Thin.otf */ = {isa = PBXFileReference; lastKnownFileType = file; path = "Pretendard-Thin.otf"; sourceTree = "<group>"; };
		B6CD1AD739E42B5A894D6146 /* ConcurrencyExtras.framework */ = {isa = PBXFileReference; explicitFileType = wrapper.framework; includeInIndex = 0; path = ConcurrencyExtras.framework; sourceTree = BUILT_PRODUCTS_DIR; };
		BC8AC0CB4D9D529DE4E23616 /* Assets.xcassets */ = {isa = PBXFileReference; lastKnownFileType = folder.assetcatalog; path = Assets.xcassets; sourceTree = "<group>"; };
		C44504556380C8555CB0D9E1 /* Pretendard-Medium.otf */ = {isa = PBXFileReference; lastKnownFileType = file; path = "Pretendard-Medium.otf"; sourceTree = "<group>"; };
		C9A9AD8ED950AA3E1043A750 /* CustomDump.framework */ = {isa = PBXFileReference; explicitFileType = wrapper.framework; includeInIndex = 0; path = CustomDump.framework; sourceTree = BUILT_PRODUCTS_DIR; };
		CFF7332B39630A14637D2210 /* UIKitNavigation.framework */ = {isa = PBXFileReference; explicitFileType = wrapper.framework; includeInIndex = 0; path = UIKitNavigation.framework; sourceTree = BUILT_PRODUCTS_DIR; };
		D16D9952C1B9DA6F4156CAA8 /* Pretendard-ExtraLight.otf */ = {isa = PBXFileReference; lastKnownFileType = file; path = "Pretendard-ExtraLight.otf"; sourceTree = "<group>"; };
		DBC5804B7F4B8504DFF70CAB /* Sharing2.framework */ = {isa = PBXFileReference; explicitFileType = wrapper.framework; includeInIndex = 0; path = Sharing2.framework; sourceTree = BUILT_PRODUCTS_DIR; };
		DC04D7066413383327C5F857 /* SwiftNavigation.framework */ = {isa = PBXFileReference; explicitFileType = wrapper.framework; includeInIndex = 0; path = SwiftNavigation.framework; sourceTree = BUILT_PRODUCTS_DIR; };
		E40189ED1978391F7EA193EE /* Sharing.framework */ = {isa = PBXFileReference; explicitFileType = wrapper.framework; includeInIndex = 0; path = Sharing.framework; sourceTree = BUILT_PRODUCTS_DIR; };
		EAB9B6D15863C55BDED73130 /* OnboardingFeature.swift */ = {isa = PBXFileReference; lastKnownFileType = sourcecode.swift; path = OnboardingFeature.swift; sourceTree = "<group>"; };
		FA14FEB7699E78F145571D46 /* CombineSchedulers.framework */ = {isa = PBXFileReference; explicitFileType = wrapper.framework; includeInIndex = 0; path = CombineSchedulers.framework; sourceTree = BUILT_PRODUCTS_DIR; };
		FEAA34F1E80A74202A74C85C /* FeatureOnboardingDemo.app */ = {isa = PBXFileReference; explicitFileType = wrapper.application; includeInIndex = 0; path = FeatureOnboardingDemo.app; sourceTree = BUILT_PRODUCTS_DIR; };
/* End PBXFileReference section */

/* Begin PBXFrameworksBuildPhase section */
		5881D21F7ED8425B9A21DFAB /* Frameworks */ = {
			isa = PBXFrameworksBuildPhase;
			buildActionMask = 2147483647;
			files = (
				A741E44CB36CD2ED7AD67DDF /* ComposableArchitecture.framework in Frameworks */,
				576DA49778B9A38A4D1AA8EB /* DataLayer.framework in Frameworks */,
				E95A24BD19514322DA2A27EC /* DesignSystem.framework in Frameworks */,
			);
			runOnlyForDeploymentPostprocessing = 0;
		};
		C6E87F372C993DAC620B7B18 /* Frameworks */ = {
			isa = PBXFrameworksBuildPhase;
			buildActionMask = 2147483647;
			files = (
				B18BB8A7E3ADF5170321A68D /* ComposableArchitecture.framework in Frameworks */,
				E07823C1E5251551492063F5 /* FeatureOnboarding.framework in Frameworks */,
			);
			runOnlyForDeploymentPostprocessing = 0;
		};
/* End PBXFrameworksBuildPhase section */

/* Begin PBXGroup section */
		03A5ABD99EBEC8147306A296 /* Sources */ = {
			isa = PBXGroup;
			children = (
				738EE2F53B8BA2C1C750E747 /* FeatureOnboardingDemoApp.swift */,
			);
			path = Sources;
			sourceTree = "<group>";
		};
		0A560584B068BC8CD33A19A4 /* Resources */ = {
			isa = PBXGroup;
			children = (
				BBB7B3555AF630273374C3F2 /* Fonts */,
				0B6AFDA42E52C01E050A491B /* Assets.xcassets */,
			);
			path = Resources;
			sourceTree = "<group>";
		};
		1B27518288AD05BAFB4DCCCA /* CoachCoach */ = {
			isa = PBXGroup;
			children = (
				0A560584B068BC8CD33A19A4 /* Resources */,
				BC8AC0CB4D9D529DE4E23616 /* Assets.xcassets */,
			);
			name = CoachCoach;
			path = ../CoachCoach;
			sourceTree = "<group>";
		};
		2CDF4BE847F6A14EC7B896E0 = {
			isa = PBXGroup;
			children = (
				70BCDDEEA268669E81AAA4BA /* Products */,
				F11A242BB55FDAEA7AA794AD /* Project */,
			);
			sourceTree = "<group>";
		};
		330802775D09AD7C671E3E94 /* Demo */ = {
			isa = PBXGroup;
			children = (
				03A5ABD99EBEC8147306A296 /* Sources */,
			);
			path = Demo;
			sourceTree = "<group>";
		};
		3A462E3AACB65BAE6FE09D80 /* Auth */ = {
			isa = PBXGroup;
			children = (
				2DDF657F9630EDC81A4BD375 /* LoginFeature.swift */,
				1B8667FEAB2BF815BFB40443 /* LoginView.swift */,
				9CA485CB34EC37B60B9E9B4D /* SignUpFeature.swift */,
				65E74509F957F195C653470C /* SignUpView.swift */,
				1FBED3A28B5A97F11E092171 /* SplashView.swift */,
			);
			path = Auth;
			sourceTree = "<group>";
		};
		6287ADFAB23B09E901A39A93 /* Sources */ = {
			isa = PBXGroup;
			children = (
				0A7557EFC1AECE8FEF7CFD6B /* TuistAssets+FeatureOnboardingDemo.swift */,
				76DAE086A7FABAC663D9EE1B /* TuistBundle+FeatureOnboardingDemo.swift */,
				16903EE5399C2915DC3B55D0 /* TuistFonts+FeatureOnboardingDemo.swift */,
			);
			path = Sources;
			sourceTree = "<group>";
		};
		70BCDDEEA268669E81AAA4BA /* Products */ = {
			isa = PBXGroup;
			children = (
				07A99ED5F16D11464B0D665A /* CasePaths.framework */,
				0CAE53D4E9FB29798508414A /* CasePathsCore.framework */,
				90E4EB48814F1E2F0C0352A5 /* Clocks.framework */,
				FA14FEB7699E78F145571D46 /* CombineSchedulers.framework */,
				721C8B622704A9EA791CE39F /* ComposableArchitecture.framework */,
				B6CD1AD739E42B5A894D6146 /* ConcurrencyExtras.framework */,
				27E76715FAE0AC544F16DC7F /* CoreModels.framework */,
				C9A9AD8ED950AA3E1043A750 /* CustomDump.framework */,
				62D380322FE475299FE006EA /* DataLayer.framework */,
				2E2F2FE29D21CC267EB8B2BC /* Dependencies.framework */,
				64B548E77C0A93630C7A167D /* DesignSystem.framework */,
				1013DC473CF628F07352DE25 /* FeatureOnboarding.framework */,
				FEAA34F1E80A74202A74C85C /* FeatureOnboardingDemo.app */,
				188DE56B1806FAAB0FC5FFA8 /* IdentifiedCollections.framework */,
				A657A69EA9E69D26760B02DF /* InternalCollectionsUtilities.framework */,
				7A2DFB525AB8CB19BD8EE15C /* IssueReporting.framework */,
				7FE2C0CC00F32C5CDF57D926 /* IssueReportingPackageSupport.framework */,
				0B6203131359B85F6B93A323 /* OrderedCollections.framework */,
				670C3CAC2A53A72398EDD026 /* Perception.framework */,
				430E522D1C36E5BE398AA935 /* PerceptionCore.framework */,
				E40189ED1978391F7EA193EE /* Sharing.framework */,
				5FAB5D267C2B7300D79041A7 /* Sharing1.framework */,
				DBC5804B7F4B8504DFF70CAB /* Sharing2.framework */,
				DC04D7066413383327C5F857 /* SwiftNavigation.framework */,
				47A43EE44C9BF119704B5B7B /* SwiftUINavigation.framework */,
				CFF7332B39630A14637D2210 /* UIKitNavigation.framework */,
				87B8E92999972BF1B2C5811C /* UIKitNavigationShim.framework */,
				9B5A42BBB2D82410D8E2A04D /* XCTestDynamicOverlay.framework */,
			);
			name = Products;
			sourceTree = "<group>";
		};
		7824F9C24F9F299BF0F2E258 /* Onboarding */ = {
			isa = PBXGroup;
			children = (
				EAB9B6D15863C55BDED73130 /* OnboardingFeature.swift */,
				0BAD947523A8D8BD2107739A /* OnboardingIcons.swift */,
				835EFDE17E0FA61EA96AB2E9 /* OnboardingView.swift */,
			);
			path = Onboarding;
			sourceTree = "<group>";
		};
		938106E52E5D81080BDB5179 /* Sources */ = {
			isa = PBXGroup;
			children = (
				3A462E3AACB65BAE6FE09D80 /* Auth */,
				7824F9C24F9F299BF0F2E258 /* Onboarding */,
			);
			path = Sources;
			sourceTree = "<group>";
		};
		BBB7B3555AF630273374C3F2 /* Fonts */ = {
			isa = PBXGroup;
			children = (
				481157FB7EE399E23DC33B09 /* Pretendard-Black.otf */,
				5BE5360C56A762B75FC9A703 /* Pretendard-Bold.otf */,
				B04D7BCFACE1923C8B2CC817 /* Pretendard-ExtraBold.otf */,
				D16D9952C1B9DA6F4156CAA8 /* Pretendard-ExtraLight.otf */,
				0AE8E3A77C3027563579CE2B /* Pretendard-Light.otf */,
				C44504556380C8555CB0D9E1 /* Pretendard-Medium.otf */,
				49BB078AE12A2B62AF9D55F6 /* Pretendard-Regular.otf */,
				AFB13EEC5B797A2755927178 /* Pretendard-SemiBold.otf */,
				B528BC0B6280DF3B0048CD77 /* Pretendard-Thin.otf */,
				2B7DBD69C97CA8607A7AEBE3 /* PretendardVariable.ttf */,
			);
			path = Fonts;
			sourceTree = "<group>";
		};
		BC67B6381A109064DE0A24D2 /* InfoPlists */ = {
			isa = PBXGroup;
			children = (
				A18DC03112ED7EABD5271FC0 /* FeatureOnboarding-Info.plist */,
				2853E05A6790C29DAFA207AB /* FeatureOnboardingDemo-Info.plist */,
			);
			path = InfoPlists;
			sourceTree = "<group>";
		};
		F11A242BB55FDAEA7AA794AD /* Project */ = {
			isa = PBXGroup;
			children = (
				1B27518288AD05BAFB4DCCCA /* CoachCoach */,
				330802775D09AD7C671E3E94 /* Demo */,
				FEA3399DAF1863A6B37CF141 /* Derived */,
				938106E52E5D81080BDB5179 /* Sources */,
			);
			name = Project;
			sourceTree = "<group>";
		};
		FEA3399DAF1863A6B37CF141 /* Derived */ = {
			isa = PBXGroup;
			children = (
				BC67B6381A109064DE0A24D2 /* InfoPlists */,
				6287ADFAB23B09E901A39A93 /* Sources */,
			);
			path = Derived;
			sourceTree = "<group>";
		};
/* End PBXGroup section */

/* Begin PBXNativeTarget section */
		7979D50446331A268C32C7FA /* FeatureOnboardingDemo */ = {
			isa = PBXNativeTarget;
			buildConfigurationList = 2F2CD8E2169C1E009A4046CE /* Build configuration list for PBXNativeTarget "FeatureOnboardingDemo" */;
			buildPhases = (
				CF7F2DEAC862E5340D6F3BFA /* Sources */,
				25C6CFA671C654FA327CB443 /* Resources */,
				C6E87F372C993DAC620B7B18 /* Frameworks */,
				282D2D880430F3E11A7E0080 /* Embed Frameworks */,
			);
			buildRules = (
			);
			dependencies = (
				69B1D3AB045158BCB2FFFD05 /* PBXTargetDependency */,
			);
			name = FeatureOnboardingDemo;
			packageProductDependencies = (
			);
			productName = FeatureOnboardingDemo;
			productReference = FEAA34F1E80A74202A74C85C /* FeatureOnboardingDemo.app */;
			productType = "com.apple.product-type.application";
		};
		E71536A40C188E0A24098C5C /* FeatureOnboarding */ = {
			isa = PBXNativeTarget;
			buildConfigurationList = FA717E06C40F1BBC3EF83351 /* Build configuration list for PBXNativeTarget "FeatureOnboarding" */;
			buildPhases = (
				C4E96A3A0B216B3016F95CC5 /* Sources */,
				ACC18C97857F6A18C946919A /* Resources */,
				5881D21F7ED8425B9A21DFAB /* Frameworks */,
				3A26F65A6CA2809B4FF4C6FC /* Embed Frameworks */,
			);
			buildRules = (
			);
			dependencies = (
			);
			name = FeatureOnboarding;
			packageProductDependencies = (
			);
			productName = FeatureOnboarding;
			productReference = 1013DC473CF628F07352DE25 /* FeatureOnboarding.framework */;
			productType = "com.apple.product-type.framework";
		};
/* End PBXNativeTarget section */

/* Begin PBXProject section */
		2488693AFBDD6A406F135B64 /* Project object */ = {
			isa = PBXProject;
			attributes = {
				BuildIndependentTargetsInParallel = YES;
				ORGANIZATIONNAME = CoachCoach;
				TargetAttributes = {
				};
			};
			buildConfigurationList = BD3A3A5E1F368995D2B9621F /* Build configuration list for PBXProject "FeatureOnboarding" */;
			compatibilityVersion = "Xcode 14.0";
			developmentRegion = en;
			hasScannedForEncodings = 0;
			knownRegions = (
				Base,
				en,
			);
			mainGroup = 2CDF4BE847F6A14EC7B896E0;
			productRefGroup = 70BCDDEEA268669E81AAA4BA /* Products */;
			projectDirPath = "";
			projectRoot = "";
			targets = (
				E71536A40C188E0A24098C5C /* FeatureOnboarding */,
				7979D50446331A268C32C7FA /* FeatureOnboardingDemo */,
			);
		};
/* End PBXProject section */

/* Begin PBXResourcesBuildPhase section */
		25C6CFA671C654FA327CB443 /* Resources */ = {
			isa = PBXResourcesBuildPhase;
			buildActionMask = 2147483647;
			files = (
				1CB6D1B88A374A6A5FDF74CF /* Assets.xcassets in Resources */,
				4B28A51DE602DFF3A92A6C49 /* Assets.xcassets in Resources */,
				5131977A8C03F23868323118 /* Pretendard-Black.otf in Resources */,
				09044A64E98B73CAC9FFCF3F /* Pretendard-Bold.otf in Resources */,
				B97E5C19833FA445C60EC76C /* Pretendard-ExtraBold.otf in Resources */,
				7090003ACEAB4CC28C34277B /* Pretendard-ExtraLight.otf in Resources */,
				808EFE0A6E5F006445A7364E /* Pretendard-Light.otf in Resources */,
				CF37E3AF31512112875E6E6C /* Pretendard-Medium.otf in Resources */,
				829EDD4A59F0D2DEE94BEAD3 /* Pretendard-Regular.otf in Resources */,
				C833DD0936F29FCDE3D00BD0 /* Pretendard-SemiBold.otf in Resources */,
				4E7B02D203E3954DC841D3B5 /* Pretendard-Thin.otf in Resources */,
				7196388EF92CD91EE242E8A4 /* PretendardVariable.ttf in Resources */,
			);
			runOnlyForDeploymentPostprocessing = 0;
		};
		ACC18C97857F6A18C946919A /* Resources */ = {
			isa = PBXResourcesBuildPhase;
			buildActionMask = 2147483647;
			files = (
			);
			runOnlyForDeploymentPostprocessing = 0;
		};
/* End PBXResourcesBuildPhase section */

/* Begin PBXSourcesBuildPhase section */
		C4E96A3A0B216B3016F95CC5 /* Sources */ = {
			isa = PBXSourcesBuildPhase;
			buildActionMask = 2147483647;
			files = (
				6CCCC3AA9861D583741CCA71 /* LoginFeature.swift in Sources */,
				7CCE3196971F5C2383D573BF /* LoginView.swift in Sources */,
				256F511FBE5DCD32C697C98A /* SignUpFeature.swift in Sources */,
				595194FA477A1B4BD48AD01B /* SignUpView.swift in Sources */,
				5FB91D59CD8F58F64426E5B4 /* SplashView.swift in Sources */,
				ADD72BCF7DA23C278DE48742 /* OnboardingFeature.swift in Sources */,
				C4FFDD69178F5C506DB6533F /* OnboardingIcons.swift in Sources */,
				9A780CCC1642C6EFE4B441E1 /* OnboardingView.swift in Sources */,
			);
			runOnlyForDeploymentPostprocessing = 0;
		};
		CF7F2DEAC862E5340D6F3BFA /* Sources */ = {
			isa = PBXSourcesBuildPhase;
			buildActionMask = 2147483647;
			files = (
				AD5EEF26045E5876E942EF5C /* FeatureOnboardingDemoApp.swift in Sources */,
				EE10549B08994BBE2C7A2840 /* TuistAssets+FeatureOnboardingDemo.swift in Sources */,
				BFE634C0F56BACBE5931BE97 /* TuistBundle+FeatureOnboardingDemo.swift in Sources */,
				4855CC9A7023406A216DAFBD /* TuistFonts+FeatureOnboardingDemo.swift in Sources */,
			);
			runOnlyForDeploymentPostprocessing = 0;
		};
/* End PBXSourcesBuildPhase section */

/* Begin PBXTargetDependency section */
		69B1D3AB045158BCB2FFFD05 /* PBXTargetDependency */ = {
			isa = PBXTargetDependency;
			name = FeatureOnboarding;
			target = E71536A40C188E0A24098C5C /* FeatureOnboarding */;
			targetProxy = 1A93E170A1D0B56DA685729F /* PBXContainerItemProxy */;
		};
/* End PBXTargetDependency section */

/* Begin XCBuildConfiguration section */
		31FADCB20A182390B8EA432B /* Release */ = {
			isa = XCBuildConfiguration;
			buildSettings = {
				ASSETCATALOG_COMPILER_APPICON_NAME = AppIcon;
				ASSETCATALOG_COMPILER_GLOBAL_ACCENT_COLOR_NAME = AccentColor;
				CODE_SIGN_IDENTITY = "iPhone Developer";
				ENABLE_DEBUG_DYLIB = YES;
				ENABLE_PREVIEWS = YES;
				HEADER_SEARCH_PATHS = (
					"$(inherited)",
					"$(SRCROOT)/../Tuist/.build/checkouts/swift-navigation/Sources/UIKitNavigationShim/include",
					"$(SRCROOT)/../Tuist/.build/checkouts/swift-syntax/Sources/_SwiftSyntaxCShims/include",
				);
				INFOPLIST_FILE = "Derived/InfoPlists/FeatureOnboardingDemo-Info.plist";
				IPHONEOS_DEPLOYMENT_TARGET = 17.0;
				LD_RUNPATH_SEARCH_PATHS = (
					"$(inherited)",
					"@executable_path/Frameworks",
				);
				OTHER_CFLAGS = (
					"$(inherited)",
					"-fmodule-map-file=$(SRCROOT)/../Tuist/.build/checkouts/swift-syntax/Sources/_SwiftSyntaxCShims/include/module.modulemap",
					"-fmodule-map-file=$(SRCROOT)/../Tuist/.build/tuist-derived/UIKitNavigationShim/UIKitNavigationShim.modulemap",
				);
				OTHER_SWIFT_FLAGS = (
					"$(inherited)",
					"-Xcc",
					"-fmodule-map-file=$(SRCROOT)/../Tuist/.build/checkouts/swift-syntax/Sources/_SwiftSyntaxCShims/include/module.modulemap",
					"-Xcc",
					"-fmodule-map-file=$(SRCROOT)/../Tuist/.build/tuist-derived/UIKitNavigationShim/UIKitNavigationShim.modulemap",
					"-load-plugin-executable",
					"$BUILD_DIR/Debug$EFFECTIVE_PLATFORM_NAME/CasePathsMacros#CasePathsMacros",
					"-load-plugin-executable",
					"$BUILD_DIR/Debug$EFFECTIVE_PLATFORM_NAME/ComposableArchitectureMacros#ComposableArchitectureMacros",
					"-load-plugin-executable",
					"$BUILD_DIR/Debug$EFFECTIVE_PLATFORM_NAME/DependenciesMacrosPlugin#DependenciesMacrosPlugin",
					"-load-plugin-executable",
					"$BUILD_DIR/Debug$EFFECTIVE_PLATFORM_NAME/PerceptionMacros#PerceptionMacros",
				);
				PRODUCT_BUNDLE_IDENTIFIER = com.seungwan.CoachCoach.FeatureOnboardingDemo;
				PRODUCT_NAME = FeatureOnboardingDemo;
				SDKROOT = iphoneos;
				SUPPORTS_MACCATALYST = NO;
				SUPPORTS_MAC_DESIGNED_FOR_IPHONE_IPAD = NO;
				SUPPORTS_XR_DESIGNED_FOR_IPHONE_IPAD = NO;
				SWIFT_COMPILATION_MODE = wholemodule;
				SWIFT_OPTIMIZATION_LEVEL = "-O";
				TARGETED_DEVICE_FAMILY = 1;
			};
			name = Release;
		};
		6148751D228824386D077254 /* Release */ = {
			isa = XCBuildConfiguration;
			buildSettings = {
				ALWAYS_SEARCH_USER_PATHS = NO;
				CLANG_ANALYZER_LOCALIZABILITY_NONLOCALIZED = YES;
				CLANG_ANALYZER_NONNULL = YES;
				CLANG_ANALYZER_NUMBER_OBJECT_CONVERSION = YES_AGGRESSIVE;
				CLANG_CXX_LANGUAGE_STANDARD = "gnu++14";
				CLANG_CXX_LIBRARY = "libc++";
				CLANG_ENABLE_MODULES = YES;
				CLANG_ENABLE_OBJC_ARC = YES;
				CLANG_ENABLE_OBJC_WEAK = YES;
				CLANG_WARN_BLOCK_CAPTURE_AUTORELEASING = YES;
				CLANG_WARN_BOOL_CONVERSION = YES;
				CLANG_WARN_COMMA = YES;
				CLANG_WARN_CONSTANT_CONVERSION = YES;
				CLANG_WARN_DEPRECATED_OBJC_IMPLEMENTATIONS = YES;
				CLANG_WARN_DIRECT_OBJC_ISA_USAGE = YES_ERROR;
				CLANG_WARN_DOCUMENTATION_COMMENTS = YES;
				CLANG_WARN_EMPTY_BODY = YES;
				CLANG_WARN_ENUM_CONVERSION = YES;
				CLANG_WARN_INFINITE_RECURSION = YES;
				CLANG_WARN_INT_CONVERSION = YES;
				CLANG_WARN_NON_LITERAL_NULL_CONVERSION = YES;
				CLANG_WARN_OBJC_IMPLICIT_RETAIN_SELF = YES;
				CLANG_WARN_OBJC_LITERAL_CONVERSION = YES;
				CLANG_WARN_OBJC_ROOT_CLASS = YES_ERROR;
				CLANG_WARN_QUOTED_INCLUDE_IN_FRAMEWORK_HEADER = YES;
				CLANG_WARN_RANGE_LOOP_ANALYSIS = YES;
				CLANG_WARN_STRICT_PROTOTYPES = YES;
				CLANG_WARN_SUSPICIOUS_MOVE = YES;
				CLANG_WARN_UNGUARDED_AVAILABILITY = YES_AGGRESSIVE;
				CLANG_WARN_UNREACHABLE_CODE = YES;
				CLANG_WARN__DUPLICATE_METHOD_MATCH = YES;
				COPY_PHASE_STRIP = NO;
				DEAD_CODE_STRIPPING = YES;
				DEBUG_INFORMATION_FORMAT = "dwarf-with-dsym";
				ENABLE_NS_ASSERTIONS = NO;
				ENABLE_STRICT_OBJC_MSGSEND = YES;
				GCC_C_LANGUAGE_STANDARD = gnu11;
				GCC_NO_COMMON_BLOCKS = YES;
				GCC_WARN_64_TO_32_BIT_CONVERSION = YES;
				GCC_WARN_ABOUT_RETURN_TYPE = YES_ERROR;
				GCC_WARN_UNDECLARED_SELECTOR = YES;
				GCC_WARN_UNINITIALIZED_AUTOS = YES_AGGRESSIVE;
				GCC_WARN_UNUSED_FUNCTION = YES;
				GCC_WARN_UNUSED_VARIABLE = YES;
				MTL_ENABLE_DEBUG_INFO = NO;
				PRODUCT_NAME = "$(TARGET_NAME)";
				SWIFT_VERSION = 5.9;
				VALIDATE_PRODUCT = YES;
			};
			name = Release;
		};
		85EC7F47515765659C37B245 /* Debug */ = {
			isa = XCBuildConfiguration;
			buildSettings = {
				ASSETCATALOG_COMPILER_APPICON_NAME = AppIcon;
				ASSETCATALOG_COMPILER_GLOBAL_ACCENT_COLOR_NAME = AccentColor;
				CODE_SIGN_IDENTITY = "iPhone Developer";
				ENABLE_DEBUG_DYLIB = YES;
				ENABLE_PREVIEWS = YES;
				HEADER_SEARCH_PATHS = (
					"$(inherited)",
					"$(SRCROOT)/../Tuist/.build/checkouts/swift-navigation/Sources/UIKitNavigationShim/include",
					"$(SRCROOT)/../Tuist/.build/checkouts/swift-syntax/Sources/_SwiftSyntaxCShims/include",
				);
				INFOPLIST_FILE = "Derived/InfoPlists/FeatureOnboardingDemo-Info.plist";
				IPHONEOS_DEPLOYMENT_TARGET = 17.0;
				LD_RUNPATH_SEARCH_PATHS = (
					"$(inherited)",
					"@executable_path/Frameworks",
				);
				OTHER_CFLAGS = (
					"$(inherited)",
					"-fmodule-map-file=$(SRCROOT)/../Tuist/.build/checkouts/swift-syntax/Sources/_SwiftSyntaxCShims/include/module.modulemap",
					"-fmodule-map-file=$(SRCROOT)/../Tuist/.build/tuist-derived/UIKitNavigationShim/UIKitNavigationShim.modulemap",
				);
				OTHER_SWIFT_FLAGS = (
					"$(inherited)",
					"-Xcc",
					"-fmodule-map-file=$(SRCROOT)/../Tuist/.build/checkouts/swift-syntax/Sources/_SwiftSyntaxCShims/include/module.modulemap",
					"-Xcc",
					"-fmodule-map-file=$(SRCROOT)/../Tuist/.build/tuist-derived/UIKitNavigationShim/UIKitNavigationShim.modulemap",
					"-load-plugin-executable",
					"$BUILD_DIR/Debug$EFFECTIVE_PLATFORM_NAME/CasePathsMacros#CasePathsMacros",
					"-load-plugin-executable",
					"$BUILD_DIR/Debug$EFFECTIVE_PLATFORM_NAME/ComposableArchitectureMacros#ComposableArchitectureMacros",
					"-load-plugin-executable",
					"$BUILD_DIR/Debug$EFFECTIVE_PLATFORM_NAME/DependenciesMacrosPlugin#DependenciesMacrosPlugin",
					"-load-plugin-executable",
					"$BUILD_DIR/Debug$EFFECTIVE_PLATFORM_NAME/PerceptionMacros#PerceptionMacros",
				);
				PRODUCT_BUNDLE_IDENTIFIER = com.seungwan.CoachCoach.FeatureOnboardingDemo;
				PRODUCT_NAME = FeatureOnboardingDemo;
				SDKROOT = iphoneos;
				SUPPORTS_MACCATALYST = NO;
				SUPPORTS_MAC_DESIGNED_FOR_IPHONE_IPAD = NO;
				SUPPORTS_XR_DESIGNED_FOR_IPHONE_IPAD = NO;
				SWIFT_ACTIVE_COMPILATION_CONDITIONS = (
					"$(inherited)",
					DEBUG,
				);
				SWIFT_COMPILATION_MODE = singlefile;
				SWIFT_OPTIMIZATION_LEVEL = "-Onone";
				TARGETED_DEVICE_FAMILY = 1;
			};
			name = Debug;
		};
		A1A113827AE05B370DF9BA2B /* Release */ = {
			isa = XCBuildConfiguration;
			buildSettings = {
				CODE_SIGN_IDENTITY = "";
				CURRENT_PROJECT_VERSION = 1;
				DEFINES_MODULE = YES;
				DYLIB_COMPATIBILITY_VERSION = 1;
				DYLIB_CURRENT_VERSION = 1;
				DYLIB_INSTALL_NAME_BASE = "@rpath";
				HEADER_SEARCH_PATHS = (
					"$(inherited)",
					"$(SRCROOT)/../Tuist/.build/checkouts/swift-navigation/Sources/UIKitNavigationShim/include",
					"$(SRCROOT)/../Tuist/.build/checkouts/swift-syntax/Sources/_SwiftSyntaxCShims/include",
				);
				INFOPLIST_FILE = "Derived/InfoPlists/FeatureOnboarding-Info.plist";
				INSTALL_PATH = "$(LOCAL_LIBRARY_DIR)/Frameworks";
				IPHONEOS_DEPLOYMENT_TARGET = 17.0;
				LD_RUNPATH_SEARCH_PATHS = (
					"$(inherited)",
					"@executable_path/Frameworks",
					"@loader_path/Frameworks",
				);
				OTHER_CFLAGS = (
					"$(inherited)",
					"-fmodule-map-file=$(SRCROOT)/../Tuist/.build/checkouts/swift-syntax/Sources/_SwiftSyntaxCShims/include/module.modulemap",
					"-fmodule-map-file=$(SRCROOT)/../Tuist/.build/tuist-derived/UIKitNavigationShim/UIKitNavigationShim.modulemap",
				);
				OTHER_SWIFT_FLAGS = (
					"$(inherited)",
					"-Xcc",
					"-fmodule-map-file=$(SRCROOT)/../Tuist/.build/checkouts/swift-syntax/Sources/_SwiftSyntaxCShims/include/module.modulemap",
					"-Xcc",
					"-fmodule-map-file=$(SRCROOT)/../Tuist/.build/tuist-derived/UIKitNavigationShim/UIKitNavigationShim.modulemap",
					"-load-plugin-executable",
					"$BUILD_DIR/Debug$EFFECTIVE_PLATFORM_NAME/CasePathsMacros#CasePathsMacros",
					"-load-plugin-executable",
					"$BUILD_DIR/Debug$EFFECTIVE_PLATFORM_NAME/ComposableArchitectureMacros#ComposableArchitectureMacros",
					"-load-plugin-executable",
					"$BUILD_DIR/Debug$EFFECTIVE_PLATFORM_NAME/DependenciesMacrosPlugin#DependenciesMacrosPlugin",
					"-load-plugin-executable",
					"$BUILD_DIR/Debug$EFFECTIVE_PLATFORM_NAME/PerceptionMacros#PerceptionMacros",
				);
				PRODUCT_BUNDLE_IDENTIFIER = com.seungwan.CoachCoach.FeatureOnboarding;
				PRODUCT_NAME = FeatureOnboarding;
				SDKROOT = iphoneos;
				SKIP_INSTALL = YES;
				SUPPORTS_MACCATALYST = NO;
				SUPPORTS_MAC_DESIGNED_FOR_IPHONE_IPAD = NO;
				SUPPORTS_XR_DESIGNED_FOR_IPHONE_IPAD = NO;
				SWIFTUI_PREVIEW_HOST_APPLICATION = "$(BUILT_PRODUCTS_DIR)/FeatureOnboardingDemo.app/FeatureOnboardingDemo";
				SWIFT_COMPILATION_MODE = wholemodule;
				SWIFT_OPTIMIZATION_LEVEL = "-O";
				TARGETED_DEVICE_FAMILY = 1;
				VERSIONING_SYSTEM = "apple-generic";
				VERSION_INFO_PREFIX = "";
			};
			name = Release;
		};
		BD275E90718C67683B246280 /* Debug */ = {
			isa = XCBuildConfiguration;
			buildSettings = {
				CODE_SIGN_IDENTITY = "";
				CURRENT_PROJECT_VERSION = 1;
				DEFINES_MODULE = YES;
				DYLIB_COMPATIBILITY_VERSION = 1;
				DYLIB_CURRENT_VERSION = 1;
				DYLIB_INSTALL_NAME_BASE = "@rpath";
				HEADER_SEARCH_PATHS = (
					"$(inherited)",
					"$(SRCROOT)/../Tuist/.build/checkouts/swift-navigation/Sources/UIKitNavigationShim/include",
					"$(SRCROOT)/../Tuist/.build/checkouts/swift-syntax/Sources/_SwiftSyntaxCShims/include",
				);
				INFOPLIST_FILE = "Derived/InfoPlists/FeatureOnboarding-Info.plist";
				INSTALL_PATH = "$(LOCAL_LIBRARY_DIR)/Frameworks";
				IPHONEOS_DEPLOYMENT_TARGET = 17.0;
				LD_RUNPATH_SEARCH_PATHS = (
					"$(inherited)",
					"@executable_path/Frameworks",
					"@loader_path/Frameworks",
				);
				OTHER_CFLAGS = (
					"$(inherited)",
					"-fmodule-map-file=$(SRCROOT)/../Tuist/.build/checkouts/swift-syntax/Sources/_SwiftSyntaxCShims/include/module.modulemap",
					"-fmodule-map-file=$(SRCROOT)/../Tuist/.build/tuist-derived/UIKitNavigationShim/UIKitNavigationShim.modulemap",
				);
				OTHER_SWIFT_FLAGS = (
					"$(inherited)",
					"-Xcc",
					"-fmodule-map-file=$(SRCROOT)/../Tuist/.build/checkouts/swift-syntax/Sources/_SwiftSyntaxCShims/include/module.modulemap",
					"-Xcc",
					"-fmodule-map-file=$(SRCROOT)/../Tuist/.build/tuist-derived/UIKitNavigationShim/UIKitNavigationShim.modulemap",
					"-load-plugin-executable",
					"$BUILD_DIR/Debug$EFFECTIVE_PLATFORM_NAME/CasePathsMacros#CasePathsMacros",
					"-load-plugin-executable",
					"$BUILD_DIR/Debug$EFFECTIVE_PLATFORM_NAME/ComposableArchitectureMacros#ComposableArchitectureMacros",
					"-load-plugin-executable",
					"$BUILD_DIR/Debug$EFFECTIVE_PLATFORM_NAME/DependenciesMacrosPlugin#DependenciesMacrosPlugin",
					"-load-plugin-executable",
					"$BUILD_DIR/Debug$EFFECTIVE_PLATFORM_NAME/PerceptionMacros#PerceptionMacros",
				);
				PRODUCT_BUNDLE_IDENTIFIER = com.seungwan.CoachCoach.FeatureOnboarding;
				PRODUCT_NAME = FeatureOnboarding;
				SDKROOT = iphoneos;
				SKIP_INSTALL = YES;
				SUPPORTS_MACCATALYST = NO;
				SUPPORTS_MAC_DESIGNED_FOR_IPHONE_IPAD = NO;
				SUPPORTS_XR_DESIGNED_FOR_IPHONE_IPAD = NO;
				SWIFTUI_PREVIEW_HOST_APPLICATION = "$(BUILT_PRODUCTS_DIR)/FeatureOnboardingDemo.app/FeatureOnboardingDemo";
				SWIFT_ACTIVE_COMPILATION_CONDITIONS = (
					"$(inherited)",
					DEBUG,
				);
				SWIFT_COMPILATION_MODE = singlefile;
				SWIFT_OPTIMIZATION_LEVEL = "-Onone";
				TARGETED_DEVICE_FAMILY = 1;
				VERSIONING_SYSTEM = "apple-generic";
				VERSION_INFO_PREFIX = "";
			};
			name = Debug;
		};
		F685FE501039023F6B06C0FE /* Debug */ = {
			isa = XCBuildConfiguration;
			buildSettings = {
				ALWAYS_SEARCH_USER_PATHS = NO;
				CLANG_ANALYZER_LOCALIZABILITY_NONLOCALIZED = YES;
				CLANG_ANALYZER_NONNULL = YES;
				CLANG_ANALYZER_NUMBER_OBJECT_CONVERSION = YES_AGGRESSIVE;
				CLANG_CXX_LANGUAGE_STANDARD = "gnu++14";
				CLANG_CXX_LIBRARY = "libc++";
				CLANG_ENABLE_MODULES = YES;
				CLANG_ENABLE_OBJC_ARC = YES;
				CLANG_ENABLE_OBJC_WEAK = YES;
				CLANG_WARN_BLOCK_CAPTURE_AUTORELEASING = YES;
				CLANG_WARN_BOOL_CONVERSION = YES;
				CLANG_WARN_COMMA = YES;
				CLANG_WARN_CONSTANT_CONVERSION = YES;
				CLANG_WARN_DEPRECATED_OBJC_IMPLEMENTATIONS = YES;
				CLANG_WARN_DIRECT_OBJC_ISA_USAGE = YES_ERROR;
				CLANG_WARN_DOCUMENTATION_COMMENTS = YES;
				CLANG_WARN_EMPTY_BODY = YES;
				CLANG_WARN_ENUM_CONVERSION = YES;
				CLANG_WARN_INFINITE_RECURSION = YES;
				CLANG_WARN_INT_CONVERSION = YES;
				CLANG_WARN_NON_LITERAL_NULL_CONVERSION = YES;
				CLANG_WARN_OBJC_IMPLICIT_RETAIN_SELF = YES;
				CLANG_WARN_OBJC_LITERAL_CONVERSION = YES;
				CLANG_WARN_OBJC_ROOT_CLASS = YES_ERROR;
				CLANG_WARN_QUOTED_INCLUDE_IN_FRAMEWORK_HEADER = YES;
				CLANG_WARN_RANGE_LOOP_ANALYSIS = YES;
				CLANG_WARN_STRICT_PROTOTYPES = YES;
				CLANG_WARN_SUSPICIOUS_MOVE = YES;
				CLANG_WARN_UNGUARDED_AVAILABILITY = YES_AGGRESSIVE;
				CLANG_WARN_UNREACHABLE_CODE = YES;
				CLANG_WARN__DUPLICATE_METHOD_MATCH = YES;
				COPY_PHASE_STRIP = NO;
				DEAD_CODE_STRIPPING = YES;
				DEBUG_INFORMATION_FORMAT = dwarf;
				ENABLE_STRICT_OBJC_MSGSEND = YES;
				ENABLE_TESTABILITY = YES;
				GCC_C_LANGUAGE_STANDARD = gnu11;
				GCC_DYNAMIC_NO_PIC = NO;
				GCC_NO_COMMON_BLOCKS = YES;
				GCC_OPTIMIZATION_LEVEL = 0;
				GCC_PREPROCESSOR_DEFINITIONS = (
					"DEBUG=1",
					"$(inherited)",
				);
				GCC_WARN_64_TO_32_BIT_CONVERSION = YES;
				GCC_WARN_ABOUT_RETURN_TYPE = YES_ERROR;
				GCC_WARN_UNDECLARED_SELECTOR = YES;
				GCC_WARN_UNINITIALIZED_AUTOS = YES_AGGRESSIVE;
				GCC_WARN_UNUSED_FUNCTION = YES;
				GCC_WARN_UNUSED_VARIABLE = YES;
				MTL_ENABLE_DEBUG_INFO = YES;
				ONLY_ACTIVE_ARCH = YES;
				PRODUCT_NAME = "$(TARGET_NAME)";
				SWIFT_VERSION = 5.9;
			};
			name = Debug;
		};
/* End XCBuildConfiguration section */

/* Begin XCConfigurationList section */
		2F2CD8E2169C1E009A4046CE /* Build configuration list for PBXNativeTarget "FeatureOnboardingDemo" */ = {
			isa = XCConfigurationList;
			buildConfigurations = (
				85EC7F47515765659C37B245 /* Debug */,
				31FADCB20A182390B8EA432B /* Release */,
			);
			defaultConfigurationIsVisible = 0;
			defaultConfigurationName = Release;
		};
		BD3A3A5E1F368995D2B9621F /* Build configuration list for PBXProject "FeatureOnboarding" */ = {
			isa = XCConfigurationList;
			buildConfigurations = (
				F685FE501039023F6B06C0FE /* Debug */,
				6148751D228824386D077254 /* Release */,
			);
			defaultConfigurationIsVisible = 0;
			defaultConfigurationName = Release;
		};
		FA717E06C40F1BBC3EF83351 /* Build configuration list for PBXNativeTarget "FeatureOnboarding" */ = {
			isa = XCConfigurationList;
			buildConfigurations = (
				BD275E90718C67683B246280 /* Debug */,
				A1A113827AE05B370DF9BA2B /* Release */,
			);
			defaultConfigurationIsVisible = 0;
			defaultConfigurationName = Release;
		};
/* End XCConfigurationList section */
	};
	rootObject = 2488693AFBDD6A406F135B64 /* Project object */;
}
