// !$*UTF8*$!
{
	archiveVersion = 1;
	classes = {
	};
	objectVersion = 55;
	objects = {

/* Begin PBXBuildFile section */
		3A4AB31CF4D5052D278FE792 /* IngredientRepository.swift in Sources */ = {isa = PBXBuildFile; fileRef = 07E0E2833F9C402743182C44 /* IngredientRepository.swift */; };
		4EC56DC94B0DA94F42FAF384 /* MockMenuData.swift in Sources */ = {isa = PBXBuildFile; fileRef = E5643D390CF60C93336A6865 /* MockMenuData.swift */; };
		5745926F50B6809980C42D8D /* HomeRepository.swift in Sources */ = {isa = PBXBuildFile; fileRef = 973BDD2CC057EC42CA6226DE /* HomeRepository.swift */; };
		70430114A3A18E016AE144AC /* MockIngredientData.swift in Sources */ = {isa = PBXBuildFile; fileRef = 85A59448E82FFC71FB222F7E /* MockIngredientData.swift */; };
		8647FBEAC146893A148483A1 /* MenuRepository.swift in Sources */ = {isa = PBXBuildFile; fileRef = 69F21CBCB51B6DC4D237952E /* MenuRepository.swift */; };
		A2070466AA4087A8C92D4382 /* CoreModels.framework in Frameworks */ = {isa = PBXBuildFile; fileRef = C9937F991AF84517D9559229 /* CoreModels.framework */; };
		BA0C3F28C01A777BFC87207B /* ComposableArchitecture.framework in Frameworks */ = {isa = PBXBuildFile; fileRef = 7C1CFF65C48F92F0C920A5FE /* ComposableArchitecture.framework */; };
/* End PBXBuildFile section */

/* Begin PBXCopyFilesBuildPhase section */
		023C874AF51849DA60A210D3 /* Embed Frameworks */ = {
			isa = PBXCopyFilesBuildPhase;
			buildActionMask = 2147483647;
			dstPath = "";
			dstSubfolderSpec = 10;
			files = (
			);
			name = "Embed Frameworks";
			runOnlyForDeploymentPostprocessing = 0;
		};
/* End PBXCopyFilesBuildPhase section */

/* Begin PBXFileReference section */
		07E0E2833F9C402743182C44 /* IngredientRepository.swift */ = {isa = PBXFileReference; lastKnownFileType = sourcecode.swift; path = IngredientRepository.swift; sourceTree = "<group>"; };
		580226BE751127189561531F /* CoreData.framework */ = {isa = PBXFileReference; explicitFileType = wrapper.framework; includeInIndex = 0; path = CoreData.framework; sourceTree = BUILT_PRODUCTS_DIR; };
		69F21CBCB51B6DC4D237952E /* MenuRepository.swift */ = {isa = PBXFileReference; lastKnownFileType = sourcecode.swift; path = MenuRepository.swift; sourceTree = "<group>"; };
		7C1CFF65C48F92F0C920A5FE /* ComposableArchitecture.framework */ = {isa = PBXFileReference; explicitFileType = wrapper.framework; includeInIndex = 0; path = ComposableArchitecture.framework; sourceTree = BUILT_PRODUCTS_DIR; };
		85A59448E82FFC71FB222F7E /* MockIngredientData.swift */ = {isa = PBXFileReference; lastKnownFileType = sourcecode.swift; path = MockIngredientData.swift; sourceTree = "<group>"; };
		973BDD2CC057EC42CA6226DE /* HomeRepository.swift */ = {isa = PBXFileReference; lastKnownFileType = sourcecode.swift; path = HomeRepository.swift; sourceTree = "<group>"; };
		C9937F991AF84517D9559229 /* CoreModels.framework */ = {isa = PBXFileReference; explicitFileType = wrapper.framework; includeInIndex = 0; path = CoreModels.framework; sourceTree = BUILT_PRODUCTS_DIR; };
		E5643D390CF60C93336A6865 /* MockMenuData.swift */ = {isa = PBXFileReference; lastKnownFileType = sourcecode.swift; path = MockMenuData.swift; sourceTree = "<group>"; };
		F0C9753147EB8268A352CD32 /* CoreData-Info.plist */ = {isa = PBXFileReference; lastKnownFileType = text.plist; path = "CoreData-Info.plist"; sourceTree = "<group>"; };
/* End PBXFileReference section */

/* Begin PBXFrameworksBuildPhase section */
		8FF4B32C5AC6A42E5BC417B4 /* Frameworks */ = {
			isa = PBXFrameworksBuildPhase;
			buildActionMask = 2147483647;
			files = (
				BA0C3F28C01A777BFC87207B /* ComposableArchitecture.framework in Frameworks */,
				A2070466AA4087A8C92D4382 /* CoreModels.framework in Frameworks */,
			);
			runOnlyForDeploymentPostprocessing = 0;
		};
/* End PBXFrameworksBuildPhase section */

/* Begin PBXGroup section */
		0073479B0A10E674C5D58CDB /* Sources */ = {
			isa = PBXGroup;
			children = (
				44B87EE8786218A3F3C9D109 /* Mock */,
				7DF4D7CCE9EE0716CF5E6AED /* Repositories */,
			);
			path = Sources;
			sourceTree = "<group>";
		};
		44B87EE8786218A3F3C9D109 /* Mock */ = {
			isa = PBXGroup;
			children = (
				85A59448E82FFC71FB222F7E /* MockIngredientData.swift */,
				E5643D390CF60C93336A6865 /* MockMenuData.swift */,
			);
			path = Mock;
			sourceTree = "<group>";
		};
		5A093E829DEB57C005E2F76A = {
			isa = PBXGroup;
			children = (
				6D8904227CF8C94BD6D9C942 /* Products */,
				94CD1A0A880DC7A18CBA67F2 /* Project */,
			);
			sourceTree = "<group>";
		};
		6D8904227CF8C94BD6D9C942 /* Products */ = {
			isa = PBXGroup;
			children = (
				7C1CFF65C48F92F0C920A5FE /* ComposableArchitecture.framework */,
				580226BE751127189561531F /* CoreData.framework */,
				C9937F991AF84517D9559229 /* CoreModels.framework */,
			);
			name = Products;
			sourceTree = "<group>";
		};
		7D0DFF9EEEB8F9CE22D95CBE /* Derived */ = {
			isa = PBXGroup;
			children = (
				CCC7F3EB0AD488445F0DF6FA /* InfoPlists */,
			);
			path = Derived;
			sourceTree = "<group>";
		};
		7DF4D7CCE9EE0716CF5E6AED /* Repositories */ = {
			isa = PBXGroup;
			children = (
				973BDD2CC057EC42CA6226DE /* HomeRepository.swift */,
				07E0E2833F9C402743182C44 /* IngredientRepository.swift */,
				69F21CBCB51B6DC4D237952E /* MenuRepository.swift */,
			);
			path = Repositories;
			sourceTree = "<group>";
		};
		94CD1A0A880DC7A18CBA67F2 /* Project */ = {
			isa = PBXGroup;
			children = (
				7D0DFF9EEEB8F9CE22D95CBE /* Derived */,
				0073479B0A10E674C5D58CDB /* Sources */,
			);
			name = Project;
			sourceTree = "<group>";
		};
		CCC7F3EB0AD488445F0DF6FA /* InfoPlists */ = {
			isa = PBXGroup;
			children = (
				F0C9753147EB8268A352CD32 /* CoreData-Info.plist */,
			);
			path = InfoPlists;
			sourceTree = "<group>";
		};
/* End PBXGroup section */

/* Begin PBXNativeTarget section */
		094E2A56BFC7DBA0DC95C301 /* CoreData */ = {
			isa = PBXNativeTarget;
			buildConfigurationList = EA51BB610C3311A097090C18 /* Build configuration list for PBXNativeTarget "CoreData" */;
			buildPhases = (
				1EE75A88F8338931EC514DE3 /* Sources */,
				14AB14C144EEDC5CB1F3E41B /* Resources */,
				8FF4B32C5AC6A42E5BC417B4 /* Frameworks */,
				023C874AF51849DA60A210D3 /* Embed Frameworks */,
			);
			buildRules = (
			);
			dependencies = (
			);
			name = CoreData;
			packageProductDependencies = (
			);
			productName = CoreData;
			productReference = 580226BE751127189561531F /* CoreData.framework */;
			productType = "com.apple.product-type.framework";
		};
/* End PBXNativeTarget section */

/* Begin PBXProject section */
		4982ECFDC6078147541171D8 /* Project object */ = {
			isa = PBXProject;
			attributes = {
				BuildIndependentTargetsInParallel = YES;
				ORGANIZATIONNAME = CoachCoach;
				TargetAttributes = {
				};
			};
			buildConfigurationList = B265632DB2FEDF1DA91445F5 /* Build configuration list for PBXProject "CoreData" */;
			compatibilityVersion = "Xcode 14.0";
			developmentRegion = en;
			hasScannedForEncodings = 0;
			knownRegions = (
				Base,
				en,
			);
			mainGroup = 5A093E829DEB57C005E2F76A;
			productRefGroup = 6D8904227CF8C94BD6D9C942 /* Products */;
			projectDirPath = "";
			projectRoot = "";
			targets = (
				094E2A56BFC7DBA0DC95C301 /* CoreData */,
			);
		};
/* End PBXProject section */

/* Begin PBXResourcesBuildPhase section */
		14AB14C144EEDC5CB1F3E41B /* Resources */ = {
			isa = PBXResourcesBuildPhase;
			buildActionMask = 2147483647;
			files = (
			);
			runOnlyForDeploymentPostprocessing = 0;
		};
/* End PBXResourcesBuildPhase section */

/* Begin PBXSourcesBuildPhase section */
		1EE75A88F8338931EC514DE3 /* Sources */ = {
			isa = PBXSourcesBuildPhase;
			buildActionMask = 2147483647;
			files = (
				70430114A3A18E016AE144AC /* MockIngredientData.swift in Sources */,
				4EC56DC94B0DA94F42FAF384 /* MockMenuData.swift in Sources */,
				5745926F50B6809980C42D8D /* HomeRepository.swift in Sources */,
				3A4AB31CF4D5052D278FE792 /* IngredientRepository.swift in Sources */,
				8647FBEAC146893A148483A1 /* MenuRepository.swift in Sources */,
			);
			runOnlyForDeploymentPostprocessing = 0;
		};
/* End PBXSourcesBuildPhase section */

/* Begin XCBuildConfiguration section */
		1EA846E200D21A0AF655F07F /* Debug */ = {
			isa = XCBuildConfiguration;
			buildSettings = {
				CODE_SIGN_IDENTITY = "";
				CURRENT_PROJECT_VERSION = 1;
				DEFINES_MODULE = YES;
				DYLIB_COMPATIBILITY_VERSION = 1;
				DYLIB_CURRENT_VERSION = 1;
				DYLIB_INSTALL_NAME_BASE = "@rpath";
				HEADER_SEARCH_PATHS = (
					"$(inherited)",
					"$(SRCROOT)/../Tuist/.build/checkouts/swift-navigation/Sources/UIKitNavigationShim/include",
					"$(SRCROOT)/../Tuist/.build/checkouts/swift-syntax/Sources/_SwiftSyntaxCShims/include",
				);
				INFOPLIST_FILE = "Derived/InfoPlists/CoreData-Info.plist";
				INSTALL_PATH = "$(LOCAL_LIBRARY_DIR)/Frameworks";
				IPHONEOS_DEPLOYMENT_TARGET = 17.0;
				LD_RUNPATH_SEARCH_PATHS = (
					"$(inherited)",
					"@executable_path/Frameworks",
					"@loader_path/Frameworks",
				);
				OTHER_CFLAGS = (
					"$(inherited)",
					"-fmodule-map-file=$(SRCROOT)/../Tuist/.build/checkouts/swift-syntax/Sources/_SwiftSyntaxCShims/include/module.modulemap",
					"-fmodule-map-file=$(SRCROOT)/../Tuist/.build/tuist-derived/UIKitNavigationShim/UIKitNavigationShim.modulemap",
				);
				OTHER_SWIFT_FLAGS = (
					"$(inherited)",
					"-Xcc",
					"-fmodule-map-file=$(SRCROOT)/../Tuist/.build/checkouts/swift-syntax/Sources/_SwiftSyntaxCShims/include/module.modulemap",
					"-Xcc",
					"-fmodule-map-file=$(SRCROOT)/../Tuist/.build/tuist-derived/UIKitNavigationShim/UIKitNavigationShim.modulemap",
					"-load-plugin-executable",
					"$BUILD_DIR/Debug$EFFECTIVE_PLATFORM_NAME/CasePathsMacros#CasePathsMacros",
					"-load-plugin-executable",
					"$BUILD_DIR/Debug$EFFECTIVE_PLATFORM_NAME/ComposableArchitectureMacros#ComposableArchitectureMacros",
					"-load-plugin-executable",
					"$BUILD_DIR/Debug$EFFECTIVE_PLATFORM_NAME/DependenciesMacrosPlugin#DependenciesMacrosPlugin",
					"-load-plugin-executable",
					"$BUILD_DIR/Debug$EFFECTIVE_PLATFORM_NAME/PerceptionMacros#PerceptionMacros",
				);
				PRODUCT_BUNDLE_IDENTIFIER = com.seungwan.CoachCoach.CoreData;
				PRODUCT_NAME = CoreData;
				SDKROOT = iphoneos;
				SKIP_INSTALL = YES;
				SUPPORTS_MACCATALYST = NO;
				SUPPORTS_MAC_DESIGNED_FOR_IPHONE_IPAD = NO;
				SUPPORTS_XR_DESIGNED_FOR_IPHONE_IPAD = NO;
				SWIFT_ACTIVE_COMPILATION_CONDITIONS = (
					"$(inherited)",
					DEBUG,
				);
				SWIFT_COMPILATION_MODE = singlefile;
				SWIFT_OPTIMIZATION_LEVEL = "-Onone";
				TARGETED_DEVICE_FAMILY = 1;
				VERSIONING_SYSTEM = "apple-generic";
				VERSION_INFO_PREFIX = "";
			};
			name = Debug;
		};
		30EBF20A0BB8A1FD5E7E6A3A /* Release */ = {
			isa = XCBuildConfiguration;
			buildSettings = {
				CODE_SIGN_IDENTITY = "";
				CURRENT_PROJECT_VERSION = 1;
				DEFINES_MODULE = YES;
				DYLIB_COMPATIBILITY_VERSION = 1;
				DYLIB_CURRENT_VERSION = 1;
				DYLIB_INSTALL_NAME_BASE = "@rpath";
				HEADER_SEARCH_PATHS = (
					"$(inherited)",
					"$(SRCROOT)/../Tuist/.build/checkouts/swift-navigation/Sources/UIKitNavigationShim/include",
					"$(SRCROOT)/../Tuist/.build/checkouts/swift-syntax/Sources/_SwiftSyntaxCShims/include",
				);
				INFOPLIST_FILE = "Derived/InfoPlists/CoreData-Info.plist";
				INSTALL_PATH = "$(LOCAL_LIBRARY_DIR)/Frameworks";
				IPHONEOS_DEPLOYMENT_TARGET = 17.0;
				LD_RUNPATH_SEARCH_PATHS = (
					"$(inherited)",
					"@executable_path/Frameworks",
					"@loader_path/Frameworks",
				);
				OTHER_CFLAGS = (
					"$(inherited)",
					"-fmodule-map-file=$(SRCROOT)/../Tuist/.build/checkouts/swift-syntax/Sources/_SwiftSyntaxCShims/include/module.modulemap",
					"-fmodule-map-file=$(SRCROOT)/../Tuist/.build/tuist-derived/UIKitNavigationShim/UIKitNavigationShim.modulemap",
				);
				OTHER_SWIFT_FLAGS = (
					"$(inherited)",
					"-Xcc",
					"-fmodule-map-file=$(SRCROOT)/../Tuist/.build/checkouts/swift-syntax/Sources/_SwiftSyntaxCShims/include/module.modulemap",
					"-Xcc",
					"-fmodule-map-file=$(SRCROOT)/../Tuist/.build/tuist-derived/UIKitNavigationShim/UIKitNavigationShim.modulemap",
					"-load-plugin-executable",
					"$BUILD_DIR/Debug$EFFECTIVE_PLATFORM_NAME/CasePathsMacros#CasePathsMacros",
					"-load-plugin-executable",
					"$BUILD_DIR/Debug$EFFECTIVE_PLATFORM_NAME/ComposableArchitectureMacros#ComposableArchitectureMacros",
					"-load-plugin-executable",
					"$BUILD_DIR/Debug$EFFECTIVE_PLATFORM_NAME/DependenciesMacrosPlugin#DependenciesMacrosPlugin",
					"-load-plugin-executable",
					"$BUILD_DIR/Debug$EFFECTIVE_PLATFORM_NAME/PerceptionMacros#PerceptionMacros",
				);
				PRODUCT_BUNDLE_IDENTIFIER = com.seungwan.CoachCoach.CoreData;
				PRODUCT_NAME = CoreData;
				SDKROOT = iphoneos;
				SKIP_INSTALL = YES;
				SUPPORTS_MACCATALYST = NO;
				SUPPORTS_MAC_DESIGNED_FOR_IPHONE_IPAD = NO;
				SUPPORTS_XR_DESIGNED_FOR_IPHONE_IPAD = NO;
				SWIFT_COMPILATION_MODE = wholemodule;
				SWIFT_OPTIMIZATION_LEVEL = "-O";
				TARGETED_DEVICE_FAMILY = 1;
				VERSIONING_SYSTEM = "apple-generic";
				VERSION_INFO_PREFIX = "";
			};
			name = Release;
		};
		5D153C6C19C666B7DDACD47F /* Debug */ = {
			isa = XCBuildConfiguration;
			buildSettings = {
				ALWAYS_SEARCH_USER_PATHS = NO;
				CLANG_ANALYZER_LOCALIZABILITY_NONLOCALIZED = YES;
				CLANG_ANALYZER_NONNULL = YES;
				CLANG_ANALYZER_NUMBER_OBJECT_CONVERSION = YES_AGGRESSIVE;
				CLANG_CXX_LANGUAGE_STANDARD = "gnu++14";
				CLANG_CXX_LIBRARY = "libc++";
				CLANG_ENABLE_MODULES = YES;
				CLANG_ENABLE_OBJC_ARC = YES;
				CLANG_ENABLE_OBJC_WEAK = YES;
				CLANG_WARN_BLOCK_CAPTURE_AUTORELEASING = YES;
				CLANG_WARN_BOOL_CONVERSION = YES;
				CLANG_WARN_COMMA = YES;
				CLANG_WARN_CONSTANT_CONVERSION = YES;
				CLANG_WARN_DEPRECATED_OBJC_IMPLEMENTATIONS = YES;
				CLANG_WARN_DIRECT_OBJC_ISA_USAGE = YES_ERROR;
				CLANG_WARN_DOCUMENTATION_COMMENTS = YES;
				CLANG_WARN_EMPTY_BODY = YES;
				CLANG_WARN_ENUM_CONVERSION = YES;
				CLANG_WARN_INFINITE_RECURSION = YES;
				CLANG_WARN_INT_CONVERSION = YES;
				CLANG_WARN_NON_LITERAL_NULL_CONVERSION = YES;
				CLANG_WARN_OBJC_IMPLICIT_RETAIN_SELF = YES;
				CLANG_WARN_OBJC_LITERAL_CONVERSION = YES;
				CLANG_WARN_OBJC_ROOT_CLASS = YES_ERROR;
				CLANG_WARN_QUOTED_INCLUDE_IN_FRAMEWORK_HEADER = YES;
				CLANG_WARN_RANGE_LOOP_ANALYSIS = YES;
				CLANG_WARN_STRICT_PROTOTYPES = YES;
				CLANG_WARN_SUSPICIOUS_MOVE = YES;
				CLANG_WARN_UNGUARDED_AVAILABILITY = YES_AGGRESSIVE;
				CLANG_WARN_UNREACHABLE_CODE = YES;
				CLANG_WARN__DUPLICATE_METHOD_MATCH = YES;
				COPY_PHASE_STRIP = NO;
				DEAD_CODE_STRIPPING = YES;
				DEBUG_INFORMATION_FORMAT = dwarf;
				ENABLE_STRICT_OBJC_MSGSEND = YES;
				ENABLE_TESTABILITY = YES;
				GCC_C_LANGUAGE_STANDARD = gnu11;
				GCC_DYNAMIC_NO_PIC = NO;
				GCC_NO_COMMON_BLOCKS = YES;
				GCC_OPTIMIZATION_LEVEL = 0;
				GCC_PREPROCESSOR_DEFINITIONS = (
					"DEBUG=1",
					"$(inherited)",
				);
				GCC_WARN_64_TO_32_BIT_CONVERSION = YES;
				GCC_WARN_ABOUT_RETURN_TYPE = YES_ERROR;
				GCC_WARN_UNDECLARED_SELECTOR = YES;
				GCC_WARN_UNINITIALIZED_AUTOS = YES_AGGRESSIVE;
				GCC_WARN_UNUSED_FUNCTION = YES;
				GCC_WARN_UNUSED_VARIABLE = YES;
				MTL_ENABLE_DEBUG_INFO = YES;
				ONLY_ACTIVE_ARCH = YES;
				PRODUCT_NAME = "$(TARGET_NAME)";
				SWIFT_VERSION = 5.9;
			};
			name = Debug;
		};
		C440371A1A5F2FBC0E93EF42 /* Release */ = {
			isa = XCBuildConfiguration;
			buildSettings = {
				ALWAYS_SEARCH_USER_PATHS = NO;
				CLANG_ANALYZER_LOCALIZABILITY_NONLOCALIZED = YES;
				CLANG_ANALYZER_NONNULL = YES;
				CLANG_ANALYZER_NUMBER_OBJECT_CONVERSION = YES_AGGRESSIVE;
				CLANG_CXX_LANGUAGE_STANDARD = "gnu++14";
				CLANG_CXX_LIBRARY = "libc++";
				CLANG_ENABLE_MODULES = YES;
				CLANG_ENABLE_OBJC_ARC = YES;
				CLANG_ENABLE_OBJC_WEAK = YES;
				CLANG_WARN_BLOCK_CAPTURE_AUTORELEASING = YES;
				CLANG_WARN_BOOL_CONVERSION = YES;
				CLANG_WARN_COMMA = YES;
				CLANG_WARN_CONSTANT_CONVERSION = YES;
				CLANG_WARN_DEPRECATED_OBJC_IMPLEMENTATIONS = YES;
				CLANG_WARN_DIRECT_OBJC_ISA_USAGE = YES_ERROR;
				CLANG_WARN_DOCUMENTATION_COMMENTS = YES;
				CLANG_WARN_EMPTY_BODY = YES;
				CLANG_WARN_ENUM_CONVERSION = YES;
				CLANG_WARN_INFINITE_RECURSION = YES;
				CLANG_WARN_INT_CONVERSION = YES;
				CLANG_WARN_NON_LITERAL_NULL_CONVERSION = YES;
				CLANG_WARN_OBJC_IMPLICIT_RETAIN_SELF = YES;
				CLANG_WARN_OBJC_LITERAL_CONVERSION = YES;
				CLANG_WARN_OBJC_ROOT_CLASS = YES_ERROR;
				CLANG_WARN_QUOTED_INCLUDE_IN_FRAMEWORK_HEADER = YES;
				CLANG_WARN_RANGE_LOOP_ANALYSIS = YES;
				CLANG_WARN_STRICT_PROTOTYPES = YES;
				CLANG_WARN_SUSPICIOUS_MOVE = YES;
				CLANG_WARN_UNGUARDED_AVAILABILITY = YES_AGGRESSIVE;
				CLANG_WARN_UNREACHABLE_CODE = YES;
				CLANG_WARN__DUPLICATE_METHOD_MATCH = YES;
				COPY_PHASE_STRIP = NO;
				DEAD_CODE_STRIPPING = YES;
				DEBUG_INFORMATION_FORMAT = "dwarf-with-dsym";
				ENABLE_NS_ASSERTIONS = NO;
				ENABLE_STRICT_OBJC_MSGSEND = YES;
				GCC_C_LANGUAGE_STANDARD = gnu11;
				GCC_NO_COMMON_BLOCKS = YES;
				GCC_WARN_64_TO_32_BIT_CONVERSION = YES;
				GCC_WARN_ABOUT_RETURN_TYPE = YES_ERROR;
				GCC_WARN_UNDECLARED_SELECTOR = YES;
				GCC_WARN_UNINITIALIZED_AUTOS = YES_AGGRESSIVE;
				GCC_WARN_UNUSED_FUNCTION = YES;
				GCC_WARN_UNUSED_VARIABLE = YES;
				MTL_ENABLE_DEBUG_INFO = NO;
				PRODUCT_NAME = "$(TARGET_NAME)";
				SWIFT_VERSION = 5.9;
				VALIDATE_PRODUCT = YES;
			};
			name = Release;
		};
/* End XCBuildConfiguration section */

/* Begin XCConfigurationList section */
		B265632DB2FEDF1DA91445F5 /* Build configuration list for PBXProject "CoreData" */ = {
			isa = XCConfigurationList;
			buildConfigurations = (
				5D153C6C19C666B7DDACD47F /* Debug */,
				C440371A1A5F2FBC0E93EF42 /* Release */,
			);
			defaultConfigurationIsVisible = 0;
			defaultConfigurationName = Release;
		};
		EA51BB610C3311A097090C18 /* Build configuration list for PBXNativeTarget "CoreData" */ = {
			isa = XCConfigurationList;
			buildConfigurations = (
				1EA846E200D21A0AF655F07F /* Debug */,
				30EBF20A0BB8A1FD5E7E6A3A /* Release */,
			);
			defaultConfigurationIsVisible = 0;
			defaultConfigurationName = Release;
		};
/* End XCConfigurationList section */
	};
	rootObject = 4982ECFDC6078147541171D8 /* Project object */;
}
